version = 1
revision = 2
requires-python = ">=3.8"
resolution-markers = [
    "python_full_version >= '3.9'",
    "python_full_version < '3.9'",
]

[[package]]
name = "complex"
version = "0.1.0"
source = { virtual = "." }
dependencies = [
    { name = "distro", marker = "sys_platform != 'win32'" },
    { name = "packaging", marker = "sys_platform == 'win32'" },
    { name = "pyside6", version = "6.6.3.1", source = { registry = "https://pypi.org/simple" }, marker = "python_full_version < '3.9' and sys_platform == 'win32'" },
    { name = "pyside6", version = "6.9.1", source = { registry = "https://pypi.org/simple" }, marker = "python_full_version >= '3.9' and sys_platform == 'win32'" },
]

[package.metadata]
requires-dist = [
    { name = "distro", marker = "sys_platform != 'win32'", specifier = ">=1.9.0" },
    { name = "packaging", marker = "sys_platform == 'win32'", specifier = ">=25.0" },
    { name = "pyside6", marker = "sys_platform == 'win32'", specifier = ">=6.6.3.1" },
]

[[package]]
name = "distro"
version = "1.9.0"
source = { registry = "https://pypi.org/simple" }
sdist = { url = "https://files.pythonhosted.org/packages/fc/f8/98eea607f65de6527f8a2e8885fc8015d3e6f5775df186e443e0964a11c3/distro-1.9.0.tar.gz", hash = "sha256:2fa77c6fd8940f116ee1d6b94a2f90b13b5ea8d019b98bc8bafdcabcdd9bdbed", size = 60722, upload-time = "2023-12-24T09:54:32.31Z" }
wheels = [
    { url = "https://files.pythonhosted.org/packages/12/b3/231ffd4ab1fc9d679809f356cebee130ac7daa00d6d6f3206dd4fd137e9e/distro-1.9.0-py3-none-any.whl", hash = "sha256:7bffd925d65168f85027d8da9af6bddab658135b840670a223589bc0c8ef02b2", size = 20277, upload-time = "2023-12-24T09:54:30.421Z" },
]

[[package]]
name = "packaging"
version = "25.0"
source = { registry = "https://pypi.org/simple" }
sdist = { url = "https://files.pythonhosted.org/packages/a1/d4/1fc4078c65507b51b96ca8f8c3ba19e6a61c8253c72794544580a7b6c24d/packaging-25.0.tar.gz", hash = "sha256:d443872c98d677bf60f6a1f2f8c1cb748e8fe762d2bf9d3148b5599295b0fc4f", size = 165727, upload-time = "2025-04-19T11:48:59.673Z" }
wheels = [
    { url = "https://files.pythonhosted.org/packages/20/12/38679034af332785aac8774540895e234f4d07f7545804097de4b666afd8/packaging-25.0-py3-none-any.whl", hash = "sha256:29572ef2b1f17581046b3a2227d5c611fb25ec70ca1ba8554b24b0e69331a484", size = 66469, upload-time = "2025-04-19T11:48:57.875Z" },
]

[[package]]
name = "pyside6"
version = "6.6.3.1"
source = { registry = "https://pypi.org/simple" }
resolution-markers = [
    "python_full_version < '3.9'",
]
dependencies = [
    { name = "pyside6-addons", version = "6.6.3.1", source = { registry = "https://pypi.org/simple" }, marker = "python_full_version < '3.9'" },
    { name = "pyside6-essentials", version = "6.6.3.1", source = { registry = "https://pypi.org/simple" }, marker = "python_full_version < '3.9'" },
    { name = "shiboken6", version = "6.6.3.1", source = { registry = "https://pypi.org/simple" }, marker = "python_full_version < '3.9'" },
]
wheels = [
    { url = "https://files.pythonhosted.org/packages/af/90/3164ace42cb80ed55642e965934133d0c49bfa3ea79e43631dd331cdc866/PySide6-6.6.3.1-cp38-abi3-win_amd64.whl", hash = "sha256:d993989a10725c856f5b07f25e0664c5059daa92c259549c9df0972b5b0c7935", size = 520559, upload-time = "2024-04-02T12:28:23.459Z" },
]

[[package]]
name = "pyside6"
version = "6.9.1"
source = { registry = "https://pypi.org/simple" }
resolution-markers = [
    "python_full_version >= '3.9'",
]
dependencies = [
    { name = "pyside6-addons", version = "6.9.1", source = { registry = "https://pypi.org/simple" }, marker = "python_full_version >= '3.9'" },
    { name = "pyside6-essentials", version = "6.9.1", source = { registry = "https://pypi.org/simple" }, marker = "python_full_version >= '3.9'" },
    { name = "shiboken6", version = "6.9.1", source = { registry = "https://pypi.org/simple" }, marker = "python_full_version >= '3.9'" },
]
wheels = [
    { url = "https://files.pythonhosted.org/packages/83/ff/95c941f53b0faebc27dbe361d8e971b77f504b9cf36f8f5d750fd82cd6fc/PySide6-6.9.1-cp39-abi3-win_amd64.whl", hash = "sha256:c82dbb7d32bbdd465e01059174f71bddc97de152ab71bded3f1907c40f9a5f16", size = 564571, upload-time = "2025-06-03T13:20:10.321Z" },
    { url = "https://files.pythonhosted.org/packages/d1/ef/0aa5e910fa4e9770db6b45c23e360a52313922e0ca71fc060a57db613de1/PySide6-6.9.1-cp39-abi3-win_arm64.whl", hash = "sha256:1525d63dc6dc425b8c2dc5bc01a8cb1d67530401449f3a3490c09a14c095b9f9", size = 401793, upload-time = "2025-06-03T13:20:12.108Z" },
]

[[package]]
name = "pyside6-addons"
version = "6.6.3.1"
source = { registry = "https://pypi.org/simple" }
resolution-markers = [
    "python_full_version < '3.9'",
]
dependencies = [
    { name = "pyside6-essentials", version = "6.6.3.1", source = { registry = "https://pypi.org/simple" }, marker = "python_full_version < '3.9'" },
    { name = "shiboken6", version = "6.6.3.1", source = { registry = "https://pypi.org/simple" }, marker = "python_full_version < '3.9'" },
]
wheels = [
    { url = "https://files.pythonhosted.org/packages/f3/c6/fc354ab30ca87b34fa62794e75a65a6b8bc7f4e858c5fd217b8706a143bb/PySide6_Addons-6.6.3.1-cp38-abi3-win_amd64.whl", hash = "sha256:d8fbcd726dbf3e713e5d5ccc45ff0e1a9edfe336d7190c96cf7e7c7598681239", size = 111743197, upload-time = "2024-04-02T12:12:29.83Z" },
]

[[package]]
name = "pyside6-addons"
version = "6.9.1"
source = { registry = "https://pypi.org/simple" }
resolution-markers = [
    "python_full_version >= '3.9'",
]
dependencies = [
    { name = "pyside6-essentials", version = "6.9.1", source = { registry = "https://pypi.org/simple" }, marker = "python_full_version >= '3.9'" },
    { name = "shiboken6", version = "6.9.1", source = { registry = "https://pypi.org/simple" }, marker = "python_full_version >= '3.9'" },
]
wheels = [
    { url = "https://files.pythonhosted.org/packages/84/be/a849402f7e73d137b5ae8b4370a49b0cf0e0c02f028b845782cb743e4995/PySide6_Addons-6.9.1-cp39-abi3-win_amd64.whl", hash = "sha256:cd93a3a5e3886cd958f3a5acc7c061c24f10a394ce9f4ce657ac394544ca7ec2", size = 143150906, upload-time = "2025-06-03T13:09:12.762Z" },
    { url = "https://files.pythonhosted.org/packages/2a/f1/1bb6b5859aff4e2b3f5ef789b9cee200811a9f469f04d9aa7425e816622b/PySide6_Addons-6.9.1-cp39-abi3-win_arm64.whl", hash = "sha256:4f589631bdceb518080ae9c9fa288e64f092cd5bebe25adc8ad89e8eadd4db29", size = 26938762, upload-time = "2025-06-03T13:09:20.009Z" },
]

[[package]]
name = "pyside6-essentials"
version = "6.6.3.1"
source = { registry = "https://pypi.org/simple" }
resolution-markers = [
    "python_full_version < '3.9'",
]
dependencies = [
    { name = "shiboken6", version = "6.6.3.1", source = { registry = "https://pypi.org/simple" }, marker = "python_full_version < '3.9'" },
]
wheels = [
    { url = "https://files.pythonhosted.org/packages/03/c2/d4e78dd7661889b97e52fbfed908ce65abf1422dc03cc7e90752b52ff1f5/PySide6_Essentials-6.6.3.1-cp38-abi3-win_amd64.whl", hash = "sha256:31f7e70ada44d3cdbe6686670b3df036c720cfeb1dced0f7704e5f5a4be6a764", size = 77264921, upload-time = "2024-04-02T12:24:22.734Z" },
]

[[package]]
name = "pyside6-essentials"
version = "6.9.1"
source = { registry = "https://pypi.org/simple" }
resolution-markers = [
    "python_full_version >= '3.9'",
]
dependencies = [
    { name = "shiboken6", version = "6.9.1", source = { registry = "https://pypi.org/simple" }, marker = "python_full_version >= '3.9'" },
]
wheels = [
    { url = "https://files.pythonhosted.org/packages/0d/a9/a8e0209ba9116f2c2db990cfb79f2edbd5a3a428013be2df1f1cddd660a9/PySide6_Essentials-6.9.1-cp39-abi3-win_amd64.whl", hash = "sha256:ad1ac94011492dba33051bc33db1c76a7d6f815a81c01422cb6220273b369145", size = 72435676, upload-time = "2025-06-03T13:13:08.805Z" },
    { url = "https://files.pythonhosted.org/packages/d0/e4/23268c57e775a1a4d2843d288a9583a47f2e4b3977a9ae93cb9ded1a4ea5/PySide6_Essentials-6.9.1-cp39-abi3-win_arm64.whl", hash = "sha256:35c2c2bb4a88db74d11e638cf917524ff35785883f10b439ead07960a5733aa4", size = 49483707, upload-time = "2025-06-03T13:13:16.399Z" },
]

[[package]]
name = "shiboken6"
version = "6.6.3.1"
source = { registry = "https://pypi.org/simple" }
resolution-markers = [
    "python_full_version < '3.9'",
]
wheels = [
    { url = "https://files.pythonhosted.org/packages/b8/f3/b4153287806a63ee064570ed527f16f9eacedab4f4ea99cb84b55e624e21/shiboken6-6.6.3.1-cp38-abi3-win_amd64.whl", hash = "sha256:88494b5e08a1f235efddbe2b0b225a3a66e07d72b6091fcc2fc5448572453649", size = 1068203, upload-time = "2024-04-02T12:24:50.09Z" },
]

[[package]]
name = "shiboken6"
version = "6.9.1"
source = { registry = "https://pypi.org/simple" }
resolution-markers = [
    "python_full_version >= '3.9'",
]
wheels = [
    { url = "https://files.pythonhosted.org/packages/30/56/00af281275aab4c79e22e0ea65feede0a5c6da3b84e86b21a4a0071e0744/shiboken6-6.9.1-cp39-abi3-win_amd64.whl", hash = "sha256:209ccf02c135bd70321143dcbc5023ae0c056aa4850a845955dd2f9b2ff280a9", size = 1153587, upload-time = "2025-06-03T13:16:50.454Z" },
    { url = "https://files.pythonhosted.org/packages/de/ce/6ccd382fbe1a96926c5514afa6f2c42da3a9a8482e61f8dfc6068a9ca64f/shiboken6-6.9.1-cp39-abi3-win_arm64.whl", hash = "sha256:2a39997ce275ced7853defc89d3a1f19a11c90991ac6eef3435a69bb0b7ff1de", size = 1831623, upload-time = "2025-06-03T13:16:52.468Z" },
]
